
Microsoft Visual Studio Solution File, Format Version 12.00
# Visual Studio Version 17
VisualStudioVersion = 17.6.33829.357
MinimumVisualStudioVersion = 10.0.40219.1
Project("{2150E333-8FDC-42A3-9474-1A3956D46DE8}") = "Singleton", "Singleton", "{01A96952-785A-4E9A-A344-6D0DF9EDD006}"
EndProject
Project("{FAE04EC0-301F-11D3-BF4B-00C04F79EFBC}") = "Singleton", "Singleton1\Singleton.csproj", "{69910F8B-7E11-405D-B29D-21CB366D4905}"
EndProject
Global
	GlobalSection(SolutionConfigurationPlatforms) = preSolution
		Debug|Any CPU = Debug|Any CPU
		Release|Any CPU = Release|Any CPU
	EndGlobalSection
	GlobalSection(ProjectConfigurationPlatforms) = postSolution
		{69910F8B-7E11-405D-B29D-21CB366D4905}.Debug|Any CPU.ActiveCfg = Debug|Any CPU
		{69910F8B-7E11-405D-B29D-21CB366D4905}.Debug|Any CPU.Build.0 = Debug|Any CPU
		{69910F8B-7E11-405D-B29D-21CB366D4905}.Release|Any CPU.ActiveCfg = Release|Any CPU
		{69910F8B-7E11-405D-B29D-21CB366D4905}.Release|Any CPU.Build.0 = Release|Any CPU
	EndGlobalSection
	GlobalSection(SolutionProperties) = preSolution
		HideSolutionNode = FALSE
	EndGlobalSection
	GlobalSection(NestedProjects) = preSolution
		{69910F8B-7E11-405D-B29D-21CB366D4905} = {01A96952-785A-4E9A-A344-6D0DF9EDD006}
	EndGlobalSection
	GlobalSection(ExtensibilityGlobals) = postSolution
		SolutionGuid = {636197F6-C16B-4521-B4E9-756D739B1FF4}
	EndGlobalSection
EndGlobal
